schema: '2.0'
stages:
  daily_pipeline:
    cmd: .\.venv\Scripts\python.exe pipelines\run_pipeline.py
    deps:
    - path: data\external\datos_externos
      hash: md5
      md5: 2cc984a1a568ab1744939659f1da7fa4.dir
      size: 252466
      nfiles: 17
    - path: ml_pipeline\conf\base\config.toml
      hash: md5
      md5: 79e4019cc7076f0be4bcb43691aba0a6
      size: 26965
    - path: ml_pipeline\src
      hash: md5
      md5: a734b02926a24857e0d2bf57d5f2fe39.dir
      size: 323999
      nfiles: 41
    - path: pipelines\path_resolution.py
      hash: md5
      md5: 0c53fcbbad07f55eea1390b22250817d
      size: 1164
    - path: pipelines\run_pipeline.py
      hash: md5
      md5: dc77701a57838fff1d225ac925b2d6ae
      size: 51595
    - path: pipelines\run_summary.py
      hash: md5
      md5: 07d660a6dc676ff022512c3ff76b2dbf
      size: 3232
    outs:
    - path: ml_pipeline\artifacts\monitoring\drift_metrics.json
      hash: md5
      md5: fc0e6842c305d0ff822539ba5d08e91c
      size: 1750
    - path: ml_pipeline\artifacts\monitoring\monitoring_summary.json
      hash: md5
      md5: 5fede156f9c0c4f05ad24c4739386f03
      size: 506
    - path: ml_pipeline\artifacts\monitoring\pipeline_run_summary.json
      hash: md5
      md5: cbb6c9d9f9fa24ec1a17c4fad7634688
      size: 8006
